<?xml version="1.0" encoding="UTF-8" standalone="yes" ?>
<CodeBlocks_project_file>
	<FileVersion major="1" minor="6" />
	<Project>
		<Option title="TrackCore" />
		<Option pch_mode="2" />
		<Option compiler="gcc" />
		<Build>
			<Target title="Debug">
				<Option output="obj/Debug/TrackCore" prefix_auto="1" extension_auto="1" />
				<Option working_dir="" />
				<Option object_output="obj/Debug/" />
				<Option type="2" />
				<Option compiler="gcc" />
				<Option createDefFile="1" />
				<Compiler>
					<Add option="-Wall" />
					<Add option="-g" />
					<Add directory="../../iTRLib/itrbase" />
					<Add directory="../../iTRLib/itrvision" />
					<Add directory="../../iTRLib/itralgorithm" />
					<Add directory="../../iTRLib/3rdparty/alglib" />
				</Compiler>
				<Linker>
					<Add library="../../iTRLib/itrbase/bin/debug/libitrbase.a" />
					<Add library="../../iTRLib/itrvision/bin/debug/libitrvision.a" />
					<Add library="../../iTRLib/itralgorithm/bin/debug/libitralgorithm.a" />
					<Add library="../../iTRLib/3rdparty/alglib/bin/debug/libalglib.a" />
				</Linker>
			</Target>
			<Target title="Release">
				<Option output="TrackCore" prefix_auto="1" extension_auto="1" />
				<Option working_dir="" />
				<Option object_output="obj/Release/" />
				<Option type="2" />
				<Option compiler="gcc" />
				<Option createDefFile="1" />
				<Compiler>
					<Add option="-Wall" />
					<Add option="-O2" />
					<Add directory="../../iTRLib/itrbase" />
					<Add directory="../../iTRLib/itrvision" />
					<Add directory="../../iTRLib/itralgorithm" />
				</Compiler>
				<Linker>
					<Add option="-s" />
					<Add library="../../iTRLib/itrbase/bin/debug/libitrbase.a" />
					<Add library="../../iTRLib/itrvision/bin/debug/libitrvision.a" />
					<Add library="../../iTRLib/itralgorithm/bin/debug/libitralgorithm.a" />
				</Linker>
			</Target>
		</Build>
		<Unit filename="lktracking.cpp" />
		<Unit filename="lktracking.h" />
		<Unit filename="trackcore.cpp" />
		<Unit filename="trackcore.h" />
		<Extensions>
			<code_completion />
			<debugger />
		</Extensions>
	</Project>
</CodeBlocks_project_file>
